
Microsoft Visual Studio Solution File, Format Version 12.00
# Visual Studio Version 17
VisualStudioVersion = 17.8.34330.188
MinimumVisualStudioVersion = 10.0.40219.1
Project("{9A19103F-16F7-4668-BE54-9A1E7A4F7556}") = "2day", "2day\2day.csproj", "{113B7C44-0EBF-4697-B0BD-758C07766FAD}"
EndProject
Global
	GlobalSection(SolutionConfigurationPlatforms) = preSolution
		Debug|Any CPU = Debug|Any CPU
		Release|Any CPU = Release|Any CPU
	EndGlobalSection
	GlobalSection(ProjectConfigurationPlatforms) = postSolution
		{113B7C44-0EBF-4697-B0BD-758C07766FAD}.Debug|Any CPU.ActiveCfg = Debug|Any CPU
		{113B7C44-0EBF-4697-B0BD-758C07766FAD}.Debug|Any CPU.Build.0 = Debug|Any CPU
		{113B7C44-0EBF-4697-B0BD-758C07766FAD}.Release|Any CPU.ActiveCfg = Release|Any CPU
		{113B7C44-0EBF-4697-B0BD-758C07766FAD}.Release|Any CPU.Build.0 = Release|Any CPU
	EndGlobalSection
	GlobalSection(SolutionProperties) = preSolution
		HideSolutionNode = FALSE
	EndGlobalSection
	GlobalSection(ExtensibilityGlobals) = postSolution
		SolutionGuid = {5E544A54-9796-4ED5-A62D-6AB7EF1279AB}
	EndGlobalSection
EndGlobal
